// !$*UTF8*$!
{
	archiveVersion = 1;
	classes = {};
	objectVersion = 56;
	objects = {

/* Begin PBXBuildFile section */
		AA0000000000000000000002 /* MetWhoApp.swift in Sources */ = {isa = PBXBuildFile; fileRef = AA0000000000000000000001 /* MetWhoApp.swift */; };
		AA0000000000000000000004 /* Theme.swift in Sources */ = {isa = PBXBuildFile; fileRef = AA0000000000000000000003 /* Theme.swift */; };
		AA0000000000000000000006 /* Model.swift in Sources */ = {isa = PBXBuildFile; fileRef = AA0000000000000000000005 /* Model.swift */; };
		AA0000000000000000000008 /* Dictation.swift in Sources */ = {isa = PBXBuildFile; fileRef = AA0000000000000000000007 /* Dictation.swift */; };
		AA0000000000000000000022 /* Intelligence.swift in Sources */ = {isa = PBXBuildFile; fileRef = AA0000000000000000000021 /* Intelligence.swift */; };
		AA0000000000000000000024 /* Brain.swift in Sources */ = {isa = PBXBuildFile; fileRef = AA0000000000000000000023 /* Brain.swift */; };
		AA0000000000000000000026 /* PhoneContacts.swift in Sources */ = {isa = PBXBuildFile; fileRef = AA0000000000000000000025 /* PhoneContacts.swift */; };
		AA0000000000000000000034 /* CloudSync.swift in Sources */ = {isa = PBXBuildFile; fileRef = AA0000000000000000000033 /* CloudSync.swift */; };
		AA0000000000000000000032 /* Purchases.swift in Sources */ = {isa = PBXBuildFile; fileRef = AA0000000000000000000031 /* Purchases.swift */; };
		AA0000000000000000000030 /* Nudges.swift in Sources */ = {isa = PBXBuildFile; fileRef = AA0000000000000000000029 /* Nudges.swift */; };
		AA000000000000000000000A /* HomeView.swift in Sources */ = {isa = PBXBuildFile; fileRef = AA0000000000000000000009 /* HomeView.swift */; };
		AA000000000000000000000C /* Screens.swift in Sources */ = {isa = PBXBuildFile; fileRef = AA000000000000000000000B /* Screens.swift */; };
		AA000000000000000000000E /* Sheets.swift in Sources */ = {isa = PBXBuildFile; fileRef = AA000000000000000000000D /* Sheets.swift */; };
		AA0000000000000000000010 /* Settings.swift in Sources */ = {isa = PBXBuildFile; fileRef = AA000000000000000000000F /* Settings.swift */; };
		AA0000000000000000000051 /* Assets.xcassets in Resources */ = {isa = PBXBuildFile; fileRef = AA0000000000000000000050 /* Assets.xcassets */; };
		AA0000000000000000000028 /* PrivacyInfo.xcprivacy in Resources */ = {isa = PBXBuildFile; fileRef = AA0000000000000000000027 /* PrivacyInfo.xcprivacy */; };
		AA000000000000000000007A /* MetWhoWidget.swift in Sources */ = {isa = PBXBuildFile; fileRef = AA0000000000000000000079 /* MetWhoWidget.swift */; };
		AA000000000000000000007D /* MetWhoWidgetExtension.appex in Embed Foundation Extensions */ = {isa = PBXBuildFile; fileRef = AA0000000000000000000070 /* MetWhoWidgetExtension.appex */; settings = {ATTRIBUTES = (RemoveHeadersOnCopy, ); }; };
/* End PBXBuildFile section */

/* Begin PBXFileReference section */
		AA0000000000000000000001 /* MetWhoApp.swift */ = {isa = PBXFileReference; lastKnownFileType = sourcecode.swift; path = MetWhoApp.swift; sourceTree = "<group>"; };
		AA0000000000000000000003 /* Theme.swift */ = {isa = PBXFileReference; lastKnownFileType = sourcecode.swift; path = Theme.swift; sourceTree = "<group>"; };
		AA0000000000000000000005 /* Model.swift */ = {isa = PBXFileReference; lastKnownFileType = sourcecode.swift; path = Model.swift; sourceTree = "<group>"; };
		AA0000000000000000000007 /* Dictation.swift */ = {isa = PBXFileReference; lastKnownFileType = sourcecode.swift; path = Dictation.swift; sourceTree = "<group>"; };
		AA0000000000000000000021 /* Intelligence.swift */ = {isa = PBXFileReference; lastKnownFileType = sourcecode.swift; path = Intelligence.swift; sourceTree = "<group>"; };
		AA0000000000000000000023 /* Brain.swift */ = {isa = PBXFileReference; lastKnownFileType = sourcecode.swift; path = Brain.swift; sourceTree = "<group>"; };
		AA0000000000000000000025 /* PhoneContacts.swift */ = {isa = PBXFileReference; lastKnownFileType = sourcecode.swift; path = PhoneContacts.swift; sourceTree = "<group>"; };
		AA0000000000000000000033 /* CloudSync.swift */ = {isa = PBXFileReference; lastKnownFileType = sourcecode.swift; path = CloudSync.swift; sourceTree = "<group>"; };
		AA0000000000000000000031 /* Purchases.swift */ = {isa = PBXFileReference; lastKnownFileType = sourcecode.swift; path = Purchases.swift; sourceTree = "<group>"; };
		AA0000000000000000000029 /* Nudges.swift */ = {isa = PBXFileReference; lastKnownFileType = sourcecode.swift; path = Nudges.swift; sourceTree = "<group>"; };
		AA0000000000000000000009 /* HomeView.swift */ = {isa = PBXFileReference; lastKnownFileType = sourcecode.swift; path = HomeView.swift; sourceTree = "<group>"; };
		AA000000000000000000000B /* Screens.swift */ = {isa = PBXFileReference; lastKnownFileType = sourcecode.swift; path = Screens.swift; sourceTree = "<group>"; };
		AA000000000000000000000D /* Sheets.swift */ = {isa = PBXFileReference; lastKnownFileType = sourcecode.swift; path = Sheets.swift; sourceTree = "<group>"; };
		AA000000000000000000000F /* Settings.swift */ = {isa = PBXFileReference; lastKnownFileType = sourcecode.swift; path = Settings.swift; sourceTree = "<group>"; };
		AA0000000000000000000050 /* Assets.xcassets */ = {isa = PBXFileReference; lastKnownFileType = folder.assetcatalog; path = Assets.xcassets; sourceTree = "<group>"; };
		AA0000000000000000000027 /* PrivacyInfo.xcprivacy */ = {isa = PBXFileReference; lastKnownFileType = text.plist.xml; path = PrivacyInfo.xcprivacy; sourceTree = "<group>"; };
		AA000000000000000000005C /* MetWho.app */ = {isa = PBXFileReference; explicitFileType = wrapper.application; includeInIndex = 0; path = MetWho.app; sourceTree = BUILT_PRODUCTS_DIR; };
		AA0000000000000000000070 /* MetWhoWidgetExtension.appex */ = {isa = PBXFileReference; explicitFileType = "wrapper.app-extension"; includeInIndex = 0; path = MetWhoWidgetExtension.appex; sourceTree = BUILT_PRODUCTS_DIR; };
		AA0000000000000000000079 /* MetWhoWidget.swift */ = {isa = PBXFileReference; lastKnownFileType = sourcecode.swift; path = MetWhoWidget.swift; sourceTree = "<group>"; };
		AA000000000000000000007B /* MetWhoWidget.entitlements */ = {isa = PBXFileReference; lastKnownFileType = text.plist.entitlements; path = MetWhoWidget.entitlements; sourceTree = "<group>"; };
/* End PBXFileReference section */

/* Begin PBXFrameworksBuildPhase section */
		AA0000000000000000000061 /* Frameworks */ = {
			isa = PBXFrameworksBuildPhase;
			buildActionMask = 2147483647;
			files = ();
			runOnlyForDeploymentPostprocessing = 0;
		};
		AA0000000000000000000072 /* Frameworks */ = {
			isa = PBXFrameworksBuildPhase;
			buildActionMask = 2147483647;
			files = ();
			runOnlyForDeploymentPostprocessing = 0;
		};
/* End PBXFrameworksBuildPhase section */

/* Begin PBXGroup section */
		AA000000000000000000005D = {
			isa = PBXGroup;
			children = (
				AA000000000000000000005E /* MetWho */,
				AA0000000000000000000078 /* MetWhoWidget */,
				AA000000000000000000005F /* Products */,
			);
			sourceTree = "<group>";
		};
		AA000000000000000000005E /* MetWho */ = {
			isa = PBXGroup;
			children = (
				AA0000000000000000000001 /* MetWhoApp.swift */,
				AA0000000000000000000003 /* Theme.swift */,
				AA0000000000000000000005 /* Model.swift */,
				AA0000000000000000000007 /* Dictation.swift */,
				AA0000000000000000000021 /* Intelligence.swift */,
				AA0000000000000000000023 /* Brain.swift */,
				AA0000000000000000000025 /* PhoneContacts.swift */,
				AA0000000000000000000033 /* CloudSync.swift */,
				AA0000000000000000000031 /* Purchases.swift */,
				AA0000000000000000000029 /* Nudges.swift */,
				AA0000000000000000000009 /* HomeView.swift */,
				AA000000000000000000000B /* Screens.swift */,
				AA000000000000000000000D /* Sheets.swift */,
				AA000000000000000000000F /* Settings.swift */,
				AA0000000000000000000050 /* Assets.xcassets */,
				AA0000000000000000000027 /* PrivacyInfo.xcprivacy */,
			);
			path = MetWho;
			sourceTree = "<group>";
		};
		AA000000000000000000005F /* Products */ = {
			isa = PBXGroup;
			children = (
				AA000000000000000000005C /* MetWho.app */,
				AA0000000000000000000070 /* MetWhoWidgetExtension.appex */,
			);
			name = Products;
			sourceTree = "<group>";
		};
		AA0000000000000000000078 /* MetWhoWidget */ = {
			isa = PBXGroup;
			children = (
				AA0000000000000000000079 /* MetWhoWidget.swift */,
				AA000000000000000000007B /* MetWhoWidget.entitlements */,
			);
			path = MetWhoWidget;
			sourceTree = "<group>";
		};
/* End PBXGroup section */

/* Begin PBXContainerItemProxy section */
		AA000000000000000000007F /* PBXContainerItemProxy */ = {
			isa = PBXContainerItemProxy;
			containerPortal = AA000000000000000000005A /* Project object */;
			proxyType = 1;
			remoteGlobalIDString = AA0000000000000000000074;
			remoteInfo = MetWhoWidgetExtension;
		};
/* End PBXContainerItemProxy section */

/* Begin PBXTargetDependency section */
		AA000000000000000000007E /* PBXTargetDependency */ = {
			isa = PBXTargetDependency;
			target = AA0000000000000000000074 /* MetWhoWidgetExtension */;
			targetProxy = AA000000000000000000007F /* PBXContainerItemProxy */;
		};
/* End PBXTargetDependency section */

/* Begin PBXNativeTarget section */
		AA000000000000000000005B /* MetWho */ = {
			isa = PBXNativeTarget;
			buildConfigurationList = AA0000000000000000000064 /* Build configuration list for PBXNativeTarget "MetWho" */;
			buildPhases = (
				AA0000000000000000000060 /* Sources */,
				AA0000000000000000000061 /* Frameworks */,
				AA0000000000000000000062 /* Resources */,
				AA000000000000000000007C /* Embed Foundation Extensions */,
			);
			buildRules = ();
			dependencies = (
				AA000000000000000000007E /* PBXTargetDependency */,
			);
			name = MetWho;
			productName = MetWho;
			productReference = AA000000000000000000005C /* MetWho.app */;
			productType = "com.apple.product-type.application";
		};
		AA0000000000000000000074 /* MetWhoWidgetExtension */ = {
			isa = PBXNativeTarget;
			buildConfigurationList = AA0000000000000000000075 /* Build configuration list for PBXNativeTarget "MetWhoWidgetExtension" */;
			buildPhases = (
				AA0000000000000000000071 /* Sources */,
				AA0000000000000000000072 /* Frameworks */,
				AA0000000000000000000073 /* Resources */,
			);
			buildRules = ();
			dependencies = ();
			name = MetWhoWidgetExtension;
			productName = MetWhoWidgetExtension;
			productReference = AA0000000000000000000070 /* MetWhoWidgetExtension.appex */;
			productType = "com.apple.product-type.app-extension";
		};
/* End PBXNativeTarget section */

/* Begin PBXProject section */
		AA000000000000000000005A /* Project object */ = {
			isa = PBXProject;
			attributes = {
				BuildIndependentTargetsInParallel = 1;
				LastSwiftUpdateCheck = 1600;
				LastUpgradeCheck = 1600;
				TargetAttributes = {
					AA000000000000000000005B = { CreatedOnToolsVersion = 16.0; };
				};
			};
			buildConfigurationList = AA0000000000000000000063 /* Build configuration list for PBXProject "MetWho" */;
			compatibilityVersion = "Xcode 14.0";
			developmentRegion = en;
			hasScannedForEncodings = 0;
			knownRegions = (en, Base);
			mainGroup = AA000000000000000000005D;
			productRefGroup = AA000000000000000000005F /* Products */;
			projectDirPath = "";
			projectRoot = "";
			targets = (
				AA000000000000000000005B /* MetWho */,
				AA0000000000000000000074 /* MetWhoWidgetExtension */,
			);
		};
/* End PBXProject section */

/* Begin PBXCopyFilesBuildPhase section */
		AA000000000000000000007C /* Embed Foundation Extensions */ = {
			isa = PBXCopyFilesBuildPhase;
			buildActionMask = 2147483647;
			dstPath = "";
			dstSubfolderSpec = 13;
			files = (
				AA000000000000000000007D /* MetWhoWidgetExtension.appex in Embed Foundation Extensions */,
			);
			name = "Embed Foundation Extensions";
			runOnlyForDeploymentPostprocessing = 0;
		};
/* End PBXCopyFilesBuildPhase section */

/* Begin PBXResourcesBuildPhase section */
		AA0000000000000000000062 /* Resources */ = {
			isa = PBXResourcesBuildPhase;
			buildActionMask = 2147483647;
			files = (
				AA0000000000000000000051 /* Assets.xcassets in Resources */,
				AA0000000000000000000028 /* PrivacyInfo.xcprivacy in Resources */,
			);
			runOnlyForDeploymentPostprocessing = 0;
		};
		AA0000000000000000000073 /* Resources */ = {
			isa = PBXResourcesBuildPhase;
			buildActionMask = 2147483647;
			files = ();
			runOnlyForDeploymentPostprocessing = 0;
		};
/* End PBXResourcesBuildPhase section */

/* Begin PBXSourcesBuildPhase section */
		AA0000000000000000000060 /* Sources */ = {
			isa = PBXSourcesBuildPhase;
			buildActionMask = 2147483647;
			files = (
				AA0000000000000000000002 /* MetWhoApp.swift in Sources */,
				AA0000000000000000000004 /* Theme.swift in Sources */,
				AA0000000000000000000006 /* Model.swift in Sources */,
				AA0000000000000000000008 /* Dictation.swift in Sources */,
				AA0000000000000000000022 /* Intelligence.swift in Sources */,
				AA0000000000000000000024 /* Brain.swift in Sources */,
				AA0000000000000000000026 /* PhoneContacts.swift in Sources */,
				AA0000000000000000000034 /* CloudSync.swift in Sources */,
				AA0000000000000000000032 /* Purchases.swift in Sources */,
				AA0000000000000000000030 /* Nudges.swift in Sources */,
				AA000000000000000000000A /* HomeView.swift in Sources */,
				AA000000000000000000000C /* Screens.swift in Sources */,
				AA000000000000000000000E /* Sheets.swift in Sources */,
				AA0000000000000000000010 /* Settings.swift in Sources */,
			);
			runOnlyForDeploymentPostprocessing = 0;
		};
		AA0000000000000000000071 /* Sources */ = {
			isa = PBXSourcesBuildPhase;
			buildActionMask = 2147483647;
			files = (
				AA000000000000000000007A /* MetWhoWidget.swift in Sources */,
			);
			runOnlyForDeploymentPostprocessing = 0;
		};
/* End PBXSourcesBuildPhase section */

/* Begin XCBuildConfiguration section */
		AA0000000000000000000065 /* Debug */ = {
			isa = XCBuildConfiguration;
			buildSettings = {
				ALWAYS_SEARCH_USER_PATHS = NO;
				CLANG_ENABLE_MODULES = YES;
				ENABLE_STRICT_OBJC_MSGSEND = YES;
				GCC_C_LANGUAGE_STANDARD = gnu17;
				ONLY_ACTIVE_ARCH = YES;
				SDKROOT = iphoneos;
				SWIFT_ACTIVE_COMPILATION_CONDITIONS = "DEBUG $(inherited)";
				SWIFT_OPTIMIZATION_LEVEL = "-Onone";
			};
			name = Debug;
		};
		AA0000000000000000000066 /* Release */ = {
			isa = XCBuildConfiguration;
			buildSettings = {
				ALWAYS_SEARCH_USER_PATHS = NO;
				CLANG_ENABLE_MODULES = YES;
				ENABLE_STRICT_OBJC_MSGSEND = YES;
				GCC_C_LANGUAGE_STANDARD = gnu17;
				SDKROOT = iphoneos;
				SWIFT_COMPILATION_MODE = wholemodule;
				VALIDATE_PRODUCT = YES;
			};
			name = Release;
		};
		AA0000000000000000000067 /* Debug */ = {
			isa = XCBuildConfiguration;
			buildSettings = {
				ASSETCATALOG_COMPILER_APPICON_NAME = AppIcon;
				CODE_SIGN_STYLE = Automatic;
				DEVELOPMENT_TEAM = 92NDDAKFL6;
				GENERATE_INFOPLIST_FILE = YES;
				CODE_SIGN_ENTITLEMENTS = MetWho/MetWho.entitlements;
				MARKETING_VERSION = 1.0.0;
				CURRENT_PROJECT_VERSION = 14;
				INFOPLIST_KEY_ITSAppUsesNonExemptEncryption = NO;
				INFOPLIST_KEY_NSMicrophoneUsageDescription = "MetWho listens only while you hold Dictate, so you can say what you want to remember instead of typing it.";
				INFOPLIST_KEY_NSContactsUsageDescription = "MetWho reads the names in your address book so you can pick which of them to keep notes on. It never writes anything back.";
				INFOPLIST_KEY_NSSpeechRecognitionUsageDescription = "Speech is turned into text on this device. Nothing is sent anywhere.";
				INFOPLIST_KEY_NSPhotoLibraryUsageDescription = "Attach photos to the people you have met.";
				INFOPLIST_KEY_UIApplicationSceneManifest_Generation = YES;
				INFOPLIST_KEY_UILaunchScreen_Generation = YES;
				INFOPLIST_KEY_UISupportedInterfaceOrientations = UIInterfaceOrientationPortrait;
				INFOPLIST_KEY_UIStatusBarHidden = YES;
				IPHONEOS_DEPLOYMENT_TARGET = 17.0;
				PRODUCT_BUNDLE_IDENTIFIER = com.metwho.app;
				PRODUCT_NAME = MetWho;
				SWIFT_VERSION = 5.0;
				TARGETED_DEVICE_FAMILY = 1;
			};
			name = Debug;
		};
		AA0000000000000000000068 /* Release */ = {
			isa = XCBuildConfiguration;
			buildSettings = {
				ASSETCATALOG_COMPILER_APPICON_NAME = AppIcon;
				CODE_SIGN_STYLE = Automatic;
				DEVELOPMENT_TEAM = 92NDDAKFL6;
				GENERATE_INFOPLIST_FILE = YES;
				CODE_SIGN_ENTITLEMENTS = MetWho/MetWho.entitlements;
				MARKETING_VERSION = 1.0.0;
				CURRENT_PROJECT_VERSION = 14;
				INFOPLIST_KEY_ITSAppUsesNonExemptEncryption = NO;
				INFOPLIST_KEY_NSMicrophoneUsageDescription = "MetWho listens only while you hold Dictate, so you can say what you want to remember instead of typing it.";
				INFOPLIST_KEY_NSContactsUsageDescription = "MetWho reads the names in your address book so you can pick which of them to keep notes on. It never writes anything back.";
				INFOPLIST_KEY_NSSpeechRecognitionUsageDescription = "Speech is turned into text on this device. Nothing is sent anywhere.";
				INFOPLIST_KEY_NSPhotoLibraryUsageDescription = "Attach photos to the people you have met.";
				INFOPLIST_KEY_UIApplicationSceneManifest_Generation = YES;
				INFOPLIST_KEY_UILaunchScreen_Generation = YES;
				INFOPLIST_KEY_UISupportedInterfaceOrientations = UIInterfaceOrientationPortrait;
				INFOPLIST_KEY_UIStatusBarHidden = YES;
				IPHONEOS_DEPLOYMENT_TARGET = 17.0;
				PRODUCT_BUNDLE_IDENTIFIER = com.metwho.app;
				PRODUCT_NAME = MetWho;
				SWIFT_VERSION = 5.0;
				TARGETED_DEVICE_FAMILY = 1;
			};
			name = Release;
		};
		AA0000000000000000000076 /* Debug */ = {
			isa = XCBuildConfiguration;
			buildSettings = {
				CODE_SIGN_ENTITLEMENTS = MetWhoWidget/MetWhoWidget.entitlements;
				CODE_SIGN_STYLE = Automatic;
				DEVELOPMENT_TEAM = 92NDDAKFL6;
				CURRENT_PROJECT_VERSION = 14;
				GENERATE_INFOPLIST_FILE = YES;
				INFOPLIST_FILE = MetWhoWidget/Info.plist;
				INFOPLIST_KEY_CFBundleDisplayName = MetWho;
				IPHONEOS_DEPLOYMENT_TARGET = 17.0;
				MARKETING_VERSION = 1.0.0;
				PRODUCT_BUNDLE_IDENTIFIER = com.metwho.app.widget;
				PRODUCT_NAME = "$(TARGET_NAME)";
				SKIP_INSTALL = YES;
				SWIFT_VERSION = 5.0;
				TARGETED_DEVICE_FAMILY = 1;
			};
			name = Debug;
		};
		AA0000000000000000000077 /* Release */ = {
			isa = XCBuildConfiguration;
			buildSettings = {
				CODE_SIGN_ENTITLEMENTS = MetWhoWidget/MetWhoWidget.entitlements;
				CODE_SIGN_STYLE = Automatic;
				DEVELOPMENT_TEAM = 92NDDAKFL6;
				CURRENT_PROJECT_VERSION = 14;
				GENERATE_INFOPLIST_FILE = YES;
				INFOPLIST_FILE = MetWhoWidget/Info.plist;
				INFOPLIST_KEY_CFBundleDisplayName = MetWho;
				IPHONEOS_DEPLOYMENT_TARGET = 17.0;
				MARKETING_VERSION = 1.0.0;
				PRODUCT_BUNDLE_IDENTIFIER = com.metwho.app.widget;
				PRODUCT_NAME = "$(TARGET_NAME)";
				SKIP_INSTALL = YES;
				SWIFT_VERSION = 5.0;
				TARGETED_DEVICE_FAMILY = 1;
			};
			name = Release;
		};
/* End XCBuildConfiguration section */

/* Begin XCConfigurationList section */
		AA0000000000000000000063 /* Build configuration list for PBXProject "MetWho" */ = {
			isa = XCConfigurationList;
			buildConfigurations = (
				AA0000000000000000000065 /* Debug */,
				AA0000000000000000000066 /* Release */,
			);
			defaultConfigurationIsVisible = 0;
			defaultConfigurationName = Release;
		};
		AA0000000000000000000064 /* Build configuration list for PBXNativeTarget "MetWho" */ = {
			isa = XCConfigurationList;
			buildConfigurations = (
				AA0000000000000000000067 /* Debug */,
				AA0000000000000000000068 /* Release */,
			);
			defaultConfigurationIsVisible = 0;
			defaultConfigurationName = Release;
		};
		AA0000000000000000000075 /* Build configuration list for PBXNativeTarget "MetWhoWidgetExtension" */ = {
			isa = XCConfigurationList;
			buildConfigurations = (
				AA0000000000000000000076 /* Debug */,
				AA0000000000000000000077 /* Release */,
			);
			defaultConfigurationIsVisible = 0;
			defaultConfigurationName = Release;
		};
/* End XCConfigurationList section */
	};
	rootObject = AA000000000000000000005A /* Project object */;
}
